// !$*UTF8*$!
{
	archiveVersion = 1;
	classes = {
	};
	objectVersion = 50;
	objects = {

/* Begin PBXBuildFile section */
		B698F0A020F8F898007B0701 /* AppDelegate.swift in Sources */ = {isa = PBXBuildFile; fileRef = B698F09F20F8F898007B0701 /* AppDelegate.swift */; };
		B698F0A520F8F898007B0701 /* Main.storyboard in Resources */ = {isa = PBXBuildFile; fileRef = B698F0A320F8F898007B0701 /* Main.storyboard */; };
		B698F0A720F8F89B007B0701 /* Assets.xcassets in Resources */ = {isa = PBXBuildFile; fileRef = B698F0A620F8F89B007B0701 /* Assets.xcassets */; };
		B698F0AA20F8F89B007B0701 /* LaunchScreen.storyboard in Resources */ = {isa = PBXBuildFile; fileRef = B698F0A820F8F89B007B0701 /* LaunchScreen.storyboard */; };
		B698F0BA20F8FB68007B0701 /* CoreDataStack.swift in Sources */ = {isa = PBXBuildFile; fileRef = B698F0B920F8FB68007B0701 /* CoreDataStack.swift */; };
		B698F0BD20F8FB78007B0701 /* ShoppingList.xcdatamodeld in Sources */ = {isa = PBXBuildFile; fileRef = B698F0BB20F8FB78007B0701 /* ShoppingList.xcdatamodeld */; };
		B698F0BF20F8FB9F007B0701 /* Item+Convenience.swift in Sources */ = {isa = PBXBuildFile; fileRef = B698F0BE20F8FB9F007B0701 /* Item+Convenience.swift */; };
		B698F0C120F8FBFB007B0701 /* ItemController.swift in Sources */ = {isa = PBXBuildFile; fileRef = B698F0C020F8FBFB007B0701 /* ItemController.swift */; };
		B698F0C720F8FD27007B0701 /* ItemTableViewCell.swift in Sources */ = {isa = PBXBuildFile; fileRef = B698F0C620F8FD27007B0701 /* ItemTableViewCell.swift */; };
/* End PBXBuildFile section */

/* Begin PBXFileReference section */
		B698F09C20F8F898007B0701 /* ShoppingList.app */ = {isa = PBXFileReference; explicitFileType = wrapper.application; includeInIndex = 0; path = ShoppingList.app; sourceTree = BUILT_PRODUCTS_DIR; };
		B698F09F20F8F898007B0701 /* AppDelegate.swift */ = {isa = PBXFileReference; lastKnownFileType = sourcecode.swift; path = AppDelegate.swift; sourceTree = "<group>"; };
		B698F0A420F8F898007B0701 /* Base */ = {isa = PBXFileReference; lastKnownFileType = file.storyboard; name = Base; path = Base.lproj/Main.storyboard; sourceTree = "<group>"; };
		B698F0A620F8F89B007B0701 /* Assets.xcassets */ = {isa = PBXFileReference; lastKnownFileType = folder.assetcatalog; path = Assets.xcassets; sourceTree = "<group>"; };
		B698F0A920F8F89B007B0701 /* Base */ = {isa = PBXFileReference; lastKnownFileType = file.storyboard; name = Base; path = Base.lproj/LaunchScreen.storyboard; sourceTree = "<group>"; };
		B698F0AB20F8F89B007B0701 /* Info.plist */ = {isa = PBXFileReference; lastKnownFileType = text.plist.xml; path = Info.plist; sourceTree = "<group>"; };
		B698F0B920F8FB68007B0701 /* CoreDataStack.swift */ = {isa = PBXFileReference; lastKnownFileType = sourcecode.swift; path = CoreDataStack.swift; sourceTree = "<group>"; };
		B698F0BC20F8FB78007B0701 /* ShoppingList.xcdatamodel */ = {isa = PBXFileReference; lastKnownFileType = wrapper.xcdatamodel; path = ShoppingList.xcdatamodel; sourceTree = "<group>"; };
		B698F0BE20F8FB9F007B0701 /* Item+Convenience.swift */ = {isa = PBXFileReference; lastKnownFileType = sourcecode.swift; path = "Item+Convenience.swift"; sourceTree = "<group>"; };
		B698F0C020F8FBFB007B0701 /* ItemController.swift */ = {isa = PBXFileReference; lastKnownFileType = sourcecode.swift; path = ItemController.swift; sourceTree = "<group>"; };
		B698F0C620F8FD27007B0701 /* ItemTableViewCell.swift */ = {isa = PBXFileReference; lastKnownFileType = sourcecode.swift; path = ItemTableViewCell.swift; sourceTree = "<group>"; };
/* End PBXFileReference section */

/* Begin PBXFrameworksBuildPhase section */
		B698F09920F8F898007B0701 /* Frameworks */ = {
			isa = PBXFrameworksBuildPhase;
			buildActionMask = 2147483647;
			files = (
			);
			runOnlyForDeploymentPostprocessing = 0;
		};
/* End PBXFrameworksBuildPhase section */

/* Begin PBXGroup section */
		B698F09320F8F898007B0701 = {
			isa = PBXGroup;
			children = (
				B698F09E20F8F898007B0701 /* ShoppingList */,
				B698F09D20F8F898007B0701 /* Products */,
			);
			sourceTree = "<group>";
		};
		B698F09D20F8F898007B0701 /* Products */ = {
			isa = PBXGroup;
			children = (
				B698F09C20F8F898007B0701 /* ShoppingList.app */,
			);
			name = Products;
			sourceTree = "<group>";
		};
		B698F09E20F8F898007B0701 /* ShoppingList */ = {
			isa = PBXGroup;
			children = (
				B698F0B620F8F91F007B0701 /* Models */,
				B698F0B520F8F91B007B0701 /* Views */,
				B698F0B220F8F909007B0701 /* Controllers */,
				B698F0B120F8F903007B0701 /* Resources */,
			);
			path = ShoppingList;
			sourceTree = "<group>";
		};
		B698F0B120F8F903007B0701 /* Resources */ = {
			isa = PBXGroup;
			children = (
				B698F09F20F8F898007B0701 /* AppDelegate.swift */,
				B698F0A620F8F89B007B0701 /* Assets.xcassets */,
				B698F0A820F8F89B007B0701 /* LaunchScreen.storyboard */,
				B698F0AB20F8F89B007B0701 /* Info.plist */,
			);
			path = Resources;
			sourceTree = "<group>";
		};
		B698F0B220F8F909007B0701 /* Controllers */ = {
			isa = PBXGroup;
			children = (
				B698F0B420F8F916007B0701 /* ModelControllers */,
				B698F0B320F8F910007B0701 /* ViewControllers */,
			);
			path = Controllers;
			sourceTree = "<group>";
		};
		B698F0B320F8F910007B0701 /* ViewControllers */ = {
			isa = PBXGroup;
			children = (
			);
			path = ViewControllers;
			sourceTree = "<group>";
		};
		B698F0B420F8F916007B0701 /* ModelControllers */ = {
			isa = PBXGroup;
			children = (
				B698F0C020F8FBFB007B0701 /* ItemController.swift */,
			);
			path = ModelControllers;
			sourceTree = "<group>";
		};
		B698F0B520F8F91B007B0701 /* Views */ = {
			isa = PBXGroup;
			children = (
				B698F0A320F8F898007B0701 /* Main.storyboard */,
				B698F0C620F8FD27007B0701 /* ItemTableViewCell.swift */,
			);
			path = Views;
			sourceTree = "<group>";
		};
		B698F0B620F8F91F007B0701 /* Models */ = {
			isa = PBXGroup;
			children = (
				B698F0B720F8F924007B0701 /* CoreData */,
			);
			path = Models;
			sourceTree = "<group>";
		};
		B698F0B720F8F924007B0701 /* CoreData */ = {
			isa = PBXGroup;
			children = (
				B698F0B920F8FB68007B0701 /* CoreDataStack.swift */,
				B698F0BB20F8FB78007B0701 /* ShoppingList.xcdatamodeld */,
				B698F0BE20F8FB9F007B0701 /* Item+Convenience.swift */,
			);
			path = CoreData;
			sourceTree = "<group>";
		};
/* End PBXGroup section */

/* Begin PBXNativeTarget section */
		B698F09B20F8F898007B0701 /* ShoppingList */ = {
			isa = PBXNativeTarget;
			buildConfigurationList = B698F0AE20F8F89B007B0701 /* Build configuration list for PBXNativeTarget "ShoppingList" */;
			buildPhases = (
				B698F09820F8F898007B0701 /* Sources */,
				B698F09920F8F898007B0701 /* Frameworks */,
				B698F09A20F8F898007B0701 /* Resources */,
			);
			buildRules = (
			);
			dependencies = (
			);
			name = ShoppingList;
			productName = ShoppingList;
			productReference = B698F09C20F8F898007B0701 /* ShoppingList.app */;
			productType = "com.apple.product-type.application";
		};
/* End PBXNativeTarget section */

/* Begin PBXProject section */
		B698F09420F8F898007B0701 /* Project object */ = {
			isa = PBXProject;
			attributes = {
				LastSwiftUpdateCheck = 0940;
				LastUpgradeCheck = 0940;
				ORGANIZATIONNAME = "Zachary Frew";
				TargetAttributes = {
					B698F09B20F8F898007B0701 = {
						CreatedOnToolsVersion = 9.4.1;
					};
				};
			};
			buildConfigurationList = B698F09720F8F898007B0701 /* Build configuration list for PBXProject "ShoppingList" */;
			compatibilityVersion = "Xcode 9.3";
			developmentRegion = en;
			hasScannedForEncodings = 0;
			knownRegions = (
				en,
				Base,
			);
			mainGroup = B698F09320F8F898007B0701;
			productRefGroup = B698F09D20F8F898007B0701 /* Products */;
			projectDirPath = "";
			projectRoot = "";
			targets = (
				B698F09B20F8F898007B0701 /* ShoppingList */,
			);
		};
/* End PBXProject section */

/* Begin PBXResourcesBuildPhase section */
		B698F09A20F8F898007B0701 /* Resources */ = {
			isa = PBXResourcesBuildPhase;
			buildActionMask = 2147483647;
			files = (
				B698F0AA20F8F89B007B0701 /* LaunchScreen.storyboard in Resources */,
				B698F0A720F8F89B007B0701 /* Assets.xcassets in Resources */,
				B698F0A520F8F898007B0701 /* Main.storyboard in Resources */,
			);
			runOnlyForDeploymentPostprocessing = 0;
		};
/* End PBXResourcesBuildPhase section */

/* Begin PBXSourcesBuildPhase section */
		B698F09820F8F898007B0701 /* Sources */ = {
			isa = PBXSourcesBuildPhase;
			buildActionMask = 2147483647;
			files = (
				B698F0C120F8FBFB007B0701 /* ItemController.swift in Sources */,
				B698F0BF20F8FB9F007B0701 /* Item+Convenience.swift in Sources */,
				B698F0BD20F8FB78007B0701 /* ShoppingList.xcdatamodeld in Sources */,
				B698F0A020F8F898007B0701 /* AppDelegate.swift in Sources */,
				B698F0C720F8FD27007B0701 /* ItemTableViewCell.swift in Sources */,
				B698F0BA20F8FB68007B0701 /* CoreDataStack.swift in Sources */,
			);
			runOnlyForDeploymentPostprocessing = 0;
		};
/* End PBXSourcesBuildPhase section */

/* Begin PBXVariantGroup section */
		B698F0A320F8F898007B0701 /* Main.storyboard */ = {
			isa = PBXVariantGroup;
			children = (
				B698F0A420F8F898007B0701 /* Base */,
			);
			name = Main.storyboard;
			sourceTree = "<group>";
		};
		B698F0A820F8F89B007B0701 /* LaunchScreen.storyboard */ = {
			isa = PBXVariantGroup;
			children = (
				B698F0A920F8F89B007B0701 /* Base */,
			);
			name = LaunchScreen.storyboard;
			sourceTree = "<group>";
		};
/* End PBXVariantGroup section */

/* Begin XCBuildConfiguration section */
		B698F0AC20F8F89B007B0701 /* Debug */ = {
			isa = XCBuildConfiguration;
			buildSettings = {
				ALWAYS_SEARCH_USER_PATHS = NO;
				CLANG_ANALYZER_NONNULL = YES;
				CLANG_ANALYZER_NUMBER_OBJECT_CONVERSION = YES_AGGRESSIVE;
				CLANG_CXX_LANGUAGE_STANDARD = "gnu++14";
				CLANG_CXX_LIBRARY = "libc++";
				CLANG_ENABLE_MODULES = YES;
				CLANG_ENABLE_OBJC_ARC = YES;
				CLANG_ENABLE_OBJC_WEAK = YES;
				CLANG_WARN_BLOCK_CAPTURE_AUTORELEASING = YES;
				CLANG_WARN_BOOL_CONVERSION = YES;
				CLANG_WARN_COMMA = YES;
				CLANG_WARN_CONSTANT_CONVERSION = YES;
				CLANG_WARN_DEPRECATED_OBJC_IMPLEMENTATIONS = YES;
				CLANG_WARN_DIRECT_OBJC_ISA_USAGE = YES_ERROR;
				CLANG_WARN_DOCUMENTATION_COMMENTS = YES;
				CLANG_WARN_EMPTY_BODY = YES;
				CLANG_WARN_ENUM_CONVERSION = YES;
				CLANG_WARN_INFINITE_RECURSION = YES;
				CLANG_WARN_INT_CONVERSION = YES;
				CLANG_WARN_NON_LITERAL_NULL_CONVERSION = YES;
				CLANG_WARN_OBJC_IMPLICIT_RETAIN_SELF = YES;
				CLANG_WARN_OBJC_LITERAL_CONVERSION = YES;
				CLANG_WARN_OBJC_ROOT_CLASS = YES_ERROR;
				CLANG_WARN_RANGE_LOOP_ANALYSIS = YES;
				CLANG_WARN_STRICT_PROTOTYPES = YES;
				CLANG_WARN_SUSPICIOUS_MOVE = YES;
				CLANG_WARN_UNGUARDED_AVAILABILITY = YES_AGGRESSIVE;
				CLANG_WARN_UNREACHABLE_CODE = YES;
				CLANG_WARN__DUPLICATE_METHOD_MATCH = YES;
				CODE_SIGN_IDENTITY = "iPhone Developer";
				COPY_PHASE_STRIP = NO;
				DEBUG_INFORMATION_FORMAT = dwarf;
				ENABLE_STRICT_OBJC_MSGSEND = YES;
				ENABLE_TESTABILITY = YES;
				GCC_C_LANGUAGE_STANDARD = gnu11;
				GCC_DYNAMIC_NO_PIC = NO;
				GCC_NO_COMMON_BLOCKS = YES;
				GCC_OPTIMIZATION_LEVEL = 0;
				GCC_PREPROCESSOR_DEFINITIONS = (
					"DEBUG=1",
					"$(inherited)",
				);
				GCC_WARN_64_TO_32_BIT_CONVERSION = YES;
				GCC_WARN_ABOUT_RETURN_TYPE = YES_ERROR;
				GCC_WARN_UNDECLARED_SELECTOR = YES;
				GCC_WARN_UNINITIALIZED_AUTOS = YES_AGGRESSIVE;
				GCC_WARN_UNUSED_FUNCTION = YES;
				GCC_WARN_UNUSED_VARIABLE = YES;
				IPHONEOS_DEPLOYMENT_TARGET = 11.4;
				MTL_ENABLE_DEBUG_INFO = YES;
				ONLY_ACTIVE_ARCH = YES;
				SDKROOT = iphoneos;
				SWIFT_ACTIVE_COMPILATION_CONDITIONS = DEBUG;
				SWIFT_OPTIMIZATION_LEVEL = "-Onone";
			};
			name = Debug;
		};
		B698F0AD20F8F89B007B0701 /* Release */ = {
			isa = XCBuildConfiguration;
			buildSettings = {
				ALWAYS_SEARCH_USER_PATHS = NO;
				CLANG_ANALYZER_NONNULL = YES;
				CLANG_ANALYZER_NUMBER_OBJECT_CONVERSION = YES_AGGRESSIVE;
				CLANG_CXX_LANGUAGE_STANDARD = "gnu++14";
				CLANG_CXX_LIBRARY = "libc++";
				CLANG_ENABLE_MODULES = YES;
				CLANG_ENABLE_OBJC_ARC = YES;
				CLANG_ENABLE_OBJC_WEAK = YES;
				CLANG_WARN_BLOCK_CAPTURE_AUTORELEASING = YES;
				CLANG_WARN_BOOL_CONVERSION = YES;
				CLANG_WARN_COMMA = YES;
				CLANG_WARN_CONSTANT_CONVERSION = YES;
				CLANG_WARN_DEPRECATED_OBJC_IMPLEMENTATIONS = YES;
				CLANG_WARN_DIRECT_OBJC_ISA_USAGE = YES_ERROR;
				CLANG_WARN_DOCUMENTATION_COMMENTS = YES;
				CLANG_WARN_EMPTY_BODY = YES;
				CLANG_WARN_ENUM_CONVERSION = YES;
				CLANG_WARN_INFINITE_RECURSION = YES;
				CLANG_WARN_INT_CONVERSION = YES;
				CLANG_WARN_NON_LITERAL_NULL_CONVERSION = YES;
				CLANG_WARN_OBJC_IMPLICIT_RETAIN_SELF = YES;
				CLANG_WARN_OBJC_LITERAL_CONVERSION = YES;
				CLANG_WARN_OBJC_ROOT_CLASS = YES_ERROR;
				CLANG_WARN_RANGE_LOOP_ANALYSIS = YES;
				CLANG_WARN_STRICT_PROTOTYPES = YES;
				CLANG_WARN_SUSPICIOUS_MOVE = YES;
				CLANG_WARN_UNGUARDED_AVAILABILITY = YES_AGGRESSIVE;
				CLANG_WARN_UNREACHABLE_CODE = YES;
				CLANG_WARN__DUPLICATE_METHOD_MATCH = YES;
				CODE_SIGN_IDENTITY = "iPhone Developer";
				COPY_PHASE_STRIP = NO;
				DEBUG_INFORMATION_FORMAT = "dwarf-with-dsym";
				ENABLE_NS_ASSERTIONS = NO;
				ENABLE_STRICT_OBJC_MSGSEND = YES;
				GCC_C_LANGUAGE_STANDARD = gnu11;
				GCC_NO_COMMON_BLOCKS = YES;
				GCC_WARN_64_TO_32_BIT_CONVERSION = YES;
				GCC_WARN_ABOUT_RETURN_TYPE = YES_ERROR;
				GCC_WARN_UNDECLARED_SELECTOR = YES;
				GCC_WARN_UNINITIALIZED_AUTOS = YES_AGGRESSIVE;
				GCC_WARN_UNUSED_FUNCTION = YES;
				GCC_WARN_UNUSED_VARIABLE = YES;
				IPHONEOS_DEPLOYMENT_TARGET = 11.4;
				MTL_ENABLE_DEBUG_INFO = NO;
				SDKROOT = iphoneos;
				SWIFT_COMPILATION_MODE = wholemodule;
				SWIFT_OPTIMIZATION_LEVEL = "-O";
				VALIDATE_PRODUCT = YES;
			};
			name = Release;
		};
		B698F0AF20F8F89B007B0701 /* Debug */ = {
			isa = XCBuildConfiguration;
			buildSettings = {
				ASSETCATALOG_COMPILER_APPICON_NAME = AppIcon;
				CODE_SIGN_STYLE = Automatic;
				DEVELOPMENT_TEAM = PKK87S6JNY;
				INFOPLIST_FILE = ShoppingList/Info.plist;
				LD_RUNPATH_SEARCH_PATHS = (
					"$(inherited)",
					"@executable_path/Frameworks",
				);
				PRODUCT_BUNDLE_IDENTIFIER = com.zachfrew.ShoppingList;
				PRODUCT_NAME = "$(TARGET_NAME)";
				SWIFT_VERSION = 4.0;
				TARGETED_DEVICE_FAMILY = "1,2";
			};
			name = Debug;
		};
		B698F0B020F8F89B007B0701 /* Release */ = {
			isa = XCBuildConfiguration;
			buildSettings = {
				ASSETCATALOG_COMPILER_APPICON_NAME = AppIcon;
				CODE_SIGN_STYLE = Automatic;
				DEVELOPMENT_TEAM = PKK87S6JNY;
				INFOPLIST_FILE = ShoppingList/Info.plist;
				LD_RUNPATH_SEARCH_PATHS = (
					"$(inherited)",
					"@executable_path/Frameworks",
				);
				PRODUCT_BUNDLE_IDENTIFIER = com.zachfrew.ShoppingList;
				PRODUCT_NAME = "$(TARGET_NAME)";
				SWIFT_VERSION = 4.0;
				TARGETED_DEVICE_FAMILY = "1,2";
			};
			name = Release;
		};
/* End XCBuildConfiguration section */

/* Begin XCConfigurationList section */
		B698F09720F8F898007B0701 /* Build configuration list for PBXProject "ShoppingList" */ = {
			isa = XCConfigurationList;
			buildConfigurations = (
				B698F0AC20F8F89B007B0701 /* Debug */,
				B698F0AD20F8F89B007B0701 /* Release */,
			);
			defaultConfigurationIsVisible = 0;
			defaultConfigurationName = Release;
		};
		B698F0AE20F8F89B007B0701 /* Build configuration list for PBXNativeTarget "ShoppingList" */ = {
			isa = XCConfigurationList;
			buildConfigurations = (
				B698F0AF20F8F89B007B0701 /* Debug */,
				B698F0B020F8F89B007B0701 /* Release */,
			);
			defaultConfigurationIsVisible = 0;
			defaultConfigurationName = Release;
		};
/* End XCConfigurationList section */

/* Begin XCVersionGroup section */
		B698F0BB20F8FB78007B0701 /* ShoppingList.xcdatamodeld */ = {
			isa = XCVersionGroup;
			children = (
				B698F0BC20F8FB78007B0701 /* ShoppingList.xcdatamodel */,
			);
			currentVersion = B698F0BC20F8FB78007B0701 /* ShoppingList.xcdatamodel */;
			path = ShoppingList.xcdatamodeld;
			sourceTree = "<group>";
			versionGroupType = wrapper.xcdatamodel;
		};
/* End XCVersionGroup section */
	};
	rootObject = B698F09420F8F898007B0701 /* Project object */;
}
